
Microsoft Visual Studio Solution File, Format Version 12.00
# Visual Studio Version 16
VisualStudioVersion = 16.0.32126.315
MinimumVisualStudioVersion = 10.0.40219.1
Project("{FAE04EC0-301F-11D3-BF4B-00C04F79EFBC}") = "UML 2 PizzaStore", "UML 2 - Pizza\UML 2 PizzaStore.csproj", "{21311C45-B65F-4653-88E7-E0FC1C65F453}"
EndProject
Global
	GlobalSection(SolutionConfigurationPlatforms) = preSolution
		Debug|Any CPU = Debug|Any CPU
		Release|Any CPU = Release|Any CPU
	EndGlobalSection
	GlobalSection(ProjectConfigurationPlatforms) = postSolution
		{21311C45-B65F-4653-88E7-E0FC1C65F453}.Debug|Any CPU.ActiveCfg = Debug|Any CPU
		{21311C45-B65F-4653-88E7-E0FC1C65F453}.Debug|Any CPU.Build.0 = Debug|Any CPU
		{21311C45-B65F-4653-88E7-E0FC1C65F453}.Release|Any CPU.ActiveCfg = Release|Any CPU
		{21311C45-B65F-4653-88E7-E0FC1C65F453}.Release|Any CPU.Build.0 = Release|Any CPU
	EndGlobalSection
	GlobalSection(SolutionProperties) = preSolution
		HideSolutionNode = FALSE
	EndGlobalSection
	GlobalSection(ExtensibilityGlobals) = postSolution
		SolutionGuid = {2BF8F7AD-8850-4B4E-8ED4-D245284AFE51}
	EndGlobalSection
EndGlobal
